github.com/google/go-cmp v0.6.0 h1:ofyhxvXcZhMsU5ulbFiLKl/XBFqE1GSq7atu8tAmTRI=
github.com/google/go-cmp v0.6.0/go.mod h1:17dUlkBOakJ0+DkrSSNjCkIjxS6bF9zb3elmeNGIjoY=
github.com/kraasch/godiff v0.1.7 h1:oCzQfWXvuYnLMKkx/BrPVdwqRVdoJVs7BIBRpg2UaO0=
github.com/kraasch/godiff v0.1.7/go.mod h1:cZqJKwkygp9dxLzy/EHoFmrn1IpAephB/3Hb1NpGZsg=
github.com/kraasch/gotest v0.3.0 h1:NYQ6ADuqR5jSzeDBRMcfNriHR8uqBeFZbIsxAv0Mtt4=
github.com/kraasch/gotest v0.3.0/go.mod h1:S3En3ot9pMycQVNup2c3xZgYO1obUbaiP3if4FgKU/E=
github.com/spf13/afero v1.12.0 h1:UcOPyRBYczmFn6yvphxkn9ZEOY65cpwGKb5mL36mrqs=
github.com/spf13/afero v1.12.0/go.mod h1:ZTlWwG4/ahT8W7T0WQ5uYmjI9duaLQGy3Q2OAl4sk/4=
golang.org/x/text v0.21.0 h1:zyQAAkrwaneQ066sspRyJaG9VNi/YJ1NfzcGB3hZ/qo=
golang.org/x/text v0.21.0/go.mod h1:4IBbMaMmOPCJ8SecivzSH54+73PCFmPWxNTLm+vZkEQ=
